// !$*UTF8*$!
{
	archiveVersion = 1;
	classes = {
	};
	objectVersion = 56;
	objects = {

/* Begin PBXBuildFile section */
		DE0897D52BB4630600DDC1F2 /* AppDelegate.swift in Sources */ = {isa = PBXBuildFile; fileRef = DE0897D42BB4630600DDC1F2 /* AppDelegate.swift */; };
		DE0897D92BB4630700DDC1F2 /* Assets.xcassets in Resources */ = {isa = PBXBuildFile; fileRef = DE0897D82BB4630700DDC1F2 /* Assets.xcassets */; };
		DE0897DC2BB4630700DDC1F2 /* Preview Assets.xcassets in Resources */ = {isa = PBXBuildFile; fileRef = DE0897DB2BB4630700DDC1F2 /* Preview Assets.xcassets */; };
		DE0897E62BB4630700DDC1F2 /* MovieNightTests.swift in Sources */ = {isa = PBXBuildFile; fileRef = DE0897E52BB4630700DDC1F2 /* MovieNightTests.swift */; };
		DE08981A2BB4652700DDC1F2 /* UINavigationController+PopToViewController.swift in Sources */ = {isa = PBXBuildFile; fileRef = DE0898122BB4652600DDC1F2 /* UINavigationController+PopToViewController.swift */; };
		DE08981B2BB4652700DDC1F2 /* WithConfigurable.swift in Sources */ = {isa = PBXBuildFile; fileRef = DE0898132BB4652600DDC1F2 /* WithConfigurable.swift */; };
		DE08981C2BB4652700DDC1F2 /* UIView+ViewController.swift in Sources */ = {isa = PBXBuildFile; fileRef = DE0898142BB4652600DDC1F2 /* UIView+ViewController.swift */; };
		DE08981D2BB4652700DDC1F2 /* ErrorMessage.swift in Sources */ = {isa = PBXBuildFile; fileRef = DE0898152BB4652600DDC1F2 /* ErrorMessage.swift */; };
		DE08981E2BB4652700DDC1F2 /* ScreenStateProtocol.swift in Sources */ = {isa = PBXBuildFile; fileRef = DE0898162BB4652600DDC1F2 /* ScreenStateProtocol.swift */; };
		DE08981F2BB4652700DDC1F2 /* ViewControllerContainment.swift in Sources */ = {isa = PBXBuildFile; fileRef = DE0898172BB4652600DDC1F2 /* ViewControllerContainment.swift */; };
		DE0898202BB4652700DDC1F2 /* NavigationAction.swift in Sources */ = {isa = PBXBuildFile; fileRef = DE0898182BB4652600DDC1F2 /* NavigationAction.swift */; };
		DE0898212BB4652700DDC1F2 /* View+IfModifier.swift in Sources */ = {isa = PBXBuildFile; fileRef = DE0898192BB4652700DDC1F2 /* View+IfModifier.swift */; };
		DE0898232BB465AC00DDC1F2 /* MainNavigationController.swift in Sources */ = {isa = PBXBuildFile; fileRef = DE0898222BB465AC00DDC1F2 /* MainNavigationController.swift */; };
		DE0898252BB465D200DDC1F2 /* MainDependencyContainer.swift in Sources */ = {isa = PBXBuildFile; fileRef = DE0898242BB465D200DDC1F2 /* MainDependencyContainer.swift */; };
		DE0898272BB465E900DDC1F2 /* MainViewModel.swift in Sources */ = {isa = PBXBuildFile; fileRef = DE0898262BB465E900DDC1F2 /* MainViewModel.swift */; };
		DE0898292BB4661900DDC1F2 /* MainView.swift in Sources */ = {isa = PBXBuildFile; fileRef = DE0898282BB4661900DDC1F2 /* MainView.swift */; };
		DE08982B2BB4664500DDC1F2 /* LaunchNavigationController.swift in Sources */ = {isa = PBXBuildFile; fileRef = DE08982A2BB4664500DDC1F2 /* LaunchNavigationController.swift */; };
		DE0898342BB4674800DDC1F2 /* NiblessView.swift in Sources */ = {isa = PBXBuildFile; fileRef = DE08982F2BB4674800DDC1F2 /* NiblessView.swift */; };
		DE0898352BB4674800DDC1F2 /* NiblessTabBarController.swift in Sources */ = {isa = PBXBuildFile; fileRef = DE0898302BB4674800DDC1F2 /* NiblessTabBarController.swift */; };
		DE0898372BB4674800DDC1F2 /* NiblessViewController.swift in Sources */ = {isa = PBXBuildFile; fileRef = DE0898322BB4674800DDC1F2 /* NiblessViewController.swift */; };
		DE0898382BB4674800DDC1F2 /* NiblessNavigationController.swift in Sources */ = {isa = PBXBuildFile; fileRef = DE0898332BB4674800DDC1F2 /* NiblessNavigationController.swift */; };
		DE08983A2BB4685500DDC1F2 /* LaunchDependencyContainer.swift in Sources */ = {isa = PBXBuildFile; fileRef = DE0898392BB4685500DDC1F2 /* LaunchDependencyContainer.swift */; };
		DE08983C2BB4689900DDC1F2 /* LaunchViewModel.swift in Sources */ = {isa = PBXBuildFile; fileRef = DE08983B2BB4689900DDC1F2 /* LaunchViewModel.swift */; };
		DE08983E2BB468B200DDC1F2 /* LaunchView.swift in Sources */ = {isa = PBXBuildFile; fileRef = DE08983D2BB468B200DDC1F2 /* LaunchView.swift */; };
		DE0898412BB4693E00DDC1F2 /* LaunchRootView.swift in Sources */ = {isa = PBXBuildFile; fileRef = DE0898402BB4693E00DDC1F2 /* LaunchRootView.swift */; };
		DE0898432BB4696400DDC1F2 /* LaunchRootViewModel.swift in Sources */ = {isa = PBXBuildFile; fileRef = DE0898422BB4696400DDC1F2 /* LaunchRootViewModel.swift */; };
		DE0898452BB469BA00DDC1F2 /* HomeNavigationController.swift in Sources */ = {isa = PBXBuildFile; fileRef = DE0898442BB469BA00DDC1F2 /* HomeNavigationController.swift */; };
		DE0898472BB46A2800DDC1F2 /* HomeDependencyContainer.swift in Sources */ = {isa = PBXBuildFile; fileRef = DE0898462BB46A2800DDC1F2 /* HomeDependencyContainer.swift */; };
		DE0898492BB46A7700DDC1F2 /* HomeViewModel.swift in Sources */ = {isa = PBXBuildFile; fileRef = DE0898482BB46A7700DDC1F2 /* HomeViewModel.swift */; };
		DE08984B2BB46AB300DDC1F2 /* HomeView.swift in Sources */ = {isa = PBXBuildFile; fileRef = DE08984A2BB46AB300DDC1F2 /* HomeView.swift */; };
		DE08984F2BB46B7500DDC1F2 /* HomeRootView.swift in Sources */ = {isa = PBXBuildFile; fileRef = DE08984E2BB46B7500DDC1F2 /* HomeRootView.swift */; };
		DE0898512BB46B8300DDC1F2 /* HomeRootViewModel.swift in Sources */ = {isa = PBXBuildFile; fileRef = DE0898502BB46B8300DDC1F2 /* HomeRootViewModel.swift */; };
		DE0898532BB46BEC00DDC1F2 /* MovieDetailsView.swift in Sources */ = {isa = PBXBuildFile; fileRef = DE0898522BB46BEC00DDC1F2 /* MovieDetailsView.swift */; };
		DE0898552BB46C0100DDC1F2 /* MovieDetailsViewModel.swift in Sources */ = {isa = PBXBuildFile; fileRef = DE0898542BB46C0100DDC1F2 /* MovieDetailsViewModel.swift */; };
		DE4E43242BB5A6D8008D405D /* Montserrat-Bold.ttf in Resources */ = {isa = PBXBuildFile; fileRef = DE4E43232BB5A6D8008D405D /* Montserrat-Bold.ttf */; };
		DE4E43262BB5A6E8008D405D /* Montserrat-ExtraLight.ttf in Resources */ = {isa = PBXBuildFile; fileRef = DE4E43252BB5A6E8008D405D /* Montserrat-ExtraLight.ttf */; };
		DE4E43282BB5A6F2008D405D /* Montserrat-Medium.ttf in Resources */ = {isa = PBXBuildFile; fileRef = DE4E43272BB5A6F2008D405D /* Montserrat-Medium.ttf */; };
		DE4E432B2BB5A6FE008D405D /* Montserrat-Regular.ttf in Resources */ = {isa = PBXBuildFile; fileRef = DE4E43292BB5A6FE008D405D /* Montserrat-Regular.ttf */; };
		DE4E432C2BB5A6FE008D405D /* Montserrat-SemiBold.ttf in Resources */ = {isa = PBXBuildFile; fileRef = DE4E432A2BB5A6FE008D405D /* Montserrat-SemiBold.ttf */; };
		DE8A7DCD2BB6580A00DD823F /* Launch Screen.storyboard in Resources */ = {isa = PBXBuildFile; fileRef = DE8A7DCC2BB6580A00DD823F /* Launch Screen.storyboard */; };
		DE8A7DDC2BB7075700DD823F /* CoreKit.framework in Frameworks */ = {isa = PBXBuildFile; fileRef = DE8A7DD42BB7075700DD823F /* CoreKit.framework */; };
		DE8A7DE32BB7075700DD823F /* CoreKitTests.swift in Sources */ = {isa = PBXBuildFile; fileRef = DE8A7DE22BB7075700DD823F /* CoreKitTests.swift */; };
		DE8A7DE42BB7075700DD823F /* CoreKit.h in Headers */ = {isa = PBXBuildFile; fileRef = DE8A7DD62BB7075700DD823F /* CoreKit.h */; settings = {ATTRIBUTES = (Public, ); }; };
		DE8A7DE72BB7075700DD823F /* CoreKit.framework in Frameworks */ = {isa = PBXBuildFile; fileRef = DE8A7DD42BB7075700DD823F /* CoreKit.framework */; };
		DE8A7DE82BB7075700DD823F /* CoreKit.framework in Embed Frameworks */ = {isa = PBXBuildFile; fileRef = DE8A7DD42BB7075700DD823F /* CoreKit.framework */; settings = {ATTRIBUTES = (CodeSignOnCopy, RemoveHeadersOnCopy, ); }; };
		DE8A7DF42BB709B700DD823F /* Movies.swift in Sources */ = {isa = PBXBuildFile; fileRef = DE8A7DF32BB709B700DD823F /* Movies.swift */; };
		DE8A7DF72BB70C8B00DD823F /* Security.framework in Frameworks */ = {isa = PBXBuildFile; fileRef = DE8A7DF62BB70C8B00DD823F /* Security.framework */; };
		DE8A7DFD2BB71C3900DD823F /* RequestConfiguration.swift in Sources */ = {isa = PBXBuildFile; fileRef = DE8A7DFC2BB71C3900DD823F /* RequestConfiguration.swift */; };
		DE8A7E002BB737F500DD823F /* RemoteService.swift in Sources */ = {isa = PBXBuildFile; fileRef = DE8A7DFF2BB737F500DD823F /* RemoteService.swift */; };
		DE8A7E032BB73F7D00DD823F /* String+url.swift in Sources */ = {isa = PBXBuildFile; fileRef = DE8A7E022BB73F7D00DD823F /* String+url.swift */; };
		DE8A7E052BB7428000DD823F /* MovieNightService.swift in Sources */ = {isa = PBXBuildFile; fileRef = DE8A7E042BB7428000DD823F /* MovieNightService.swift */; };
		DE8A7E072BB7438E00DD823F /* DiscoverService.swift in Sources */ = {isa = PBXBuildFile; fileRef = DE8A7E062BB7438E00DD823F /* DiscoverService.swift */; };
		DE8A7E0C2BB75B6E00DD823F /* DiscoverApis.swift in Sources */ = {isa = PBXBuildFile; fileRef = DE8A7E0B2BB75B6E00DD823F /* DiscoverApis.swift */; };
		DE8A7E0E2BB75C0200DD823F /* RemoteAPI.swift in Sources */ = {isa = PBXBuildFile; fileRef = DE8A7E0D2BB75C0200DD823F /* RemoteAPI.swift */; };
		DE8A7E102BB75CFB00DD823F /* MoviesResult.swift in Sources */ = {isa = PBXBuildFile; fileRef = DE8A7E0F2BB75CFB00DD823F /* MoviesResult.swift */; };
		DE8A7E122BB75D7F00DD823F /* MovieNightDiscoverApis.swift in Sources */ = {isa = PBXBuildFile; fileRef = DE8A7E112BB75D7F00DD823F /* MovieNightDiscoverApis.swift */; };
		DE8A7E142BB75E5C00DD823F /* DiscoverRepository.swift in Sources */ = {isa = PBXBuildFile; fileRef = DE8A7E132BB75E5C00DD823F /* DiscoverRepository.swift */; };
		DE8A7E162BB75E9000DD823F /* MainDiscoverRepository.swift in Sources */ = {isa = PBXBuildFile; fileRef = DE8A7E152BB75E9000DD823F /* MainDiscoverRepository.swift */; };
		DE8A7E182BB767EC00DD823F /* Bundle+infoForKey.swift in Sources */ = {isa = PBXBuildFile; fileRef = DE8A7E172BB767EC00DD823F /* Bundle+infoForKey.swift */; };
		DE8A7E1B2BB792C500DD823F /* ParameterEncoding.swift in Sources */ = {isa = PBXBuildFile; fileRef = DE8A7E1A2BB792C500DD823F /* ParameterEncoding.swift */; };
		DE8A7E1D2BB792F500DD823F /* HTTPMethod.swift in Sources */ = {isa = PBXBuildFile; fileRef = DE8A7E1C2BB792F500DD823F /* HTTPMethod.swift */; };
		DE8A7E1F2BB7933000DD823F /* HTTPHeader.swift in Sources */ = {isa = PBXBuildFile; fileRef = DE8A7E1E2BB7933000DD823F /* HTTPHeader.swift */; };
		DEFED2142BB8517100A61DB8 /* LoaderView.swift in Sources */ = {isa = PBXBuildFile; fileRef = DEFED2132BB8517100A61DB8 /* LoaderView.swift */; };
		DEFED2162BB8518700A61DB8 /* ErrorMessageView.swift in Sources */ = {isa = PBXBuildFile; fileRef = DEFED2152BB8518700A61DB8 /* ErrorMessageView.swift */; };
/* End PBXBuildFile section */

/* Begin PBXContainerItemProxy section */
		DE0897E22BB4630700DDC1F2 /* PBXContainerItemProxy */ = {
			isa = PBXContainerItemProxy;
			containerPortal = DE0897C92BB4630600DDC1F2 /* Project object */;
			proxyType = 1;
			remoteGlobalIDString = DE0897D02BB4630600DDC1F2;
			remoteInfo = MovieNight;
		};
		DE8A7DDD2BB7075700DD823F /* PBXContainerItemProxy */ = {
			isa = PBXContainerItemProxy;
			containerPortal = DE0897C92BB4630600DDC1F2 /* Project object */;
			proxyType = 1;
			remoteGlobalIDString = DE8A7DD32BB7075700DD823F;
			remoteInfo = CoreKit;
		};
		DE8A7DDF2BB7075700DD823F /* PBXContainerItemProxy */ = {
			isa = PBXContainerItemProxy;
			containerPortal = DE0897C92BB4630600DDC1F2 /* Project object */;
			proxyType = 1;
			remoteGlobalIDString = DE0897D02BB4630600DDC1F2;
			remoteInfo = MovieNight;
		};
		DE8A7DE52BB7075700DD823F /* PBXContainerItemProxy */ = {
			isa = PBXContainerItemProxy;
			containerPortal = DE0897C92BB4630600DDC1F2 /* Project object */;
			proxyType = 1;
			remoteGlobalIDString = DE8A7DD32BB7075700DD823F;
			remoteInfo = CoreKit;
		};
/* End PBXContainerItemProxy section */

/* Begin PBXCopyFilesBuildPhase section */
		DE8A7DE92BB7075700DD823F /* Embed Frameworks */ = {
			isa = PBXCopyFilesBuildPhase;
			buildActionMask = 2147483647;
			dstPath = "";
			dstSubfolderSpec = 10;
			files = (
				DE8A7DE82BB7075700DD823F /* CoreKit.framework in Embed Frameworks */,
			);
			name = "Embed Frameworks";
			runOnlyForDeploymentPostprocessing = 0;
		};
/* End PBXCopyFilesBuildPhase section */

/* Begin PBXFileReference section */
		DE0897D12BB4630600DDC1F2 /* MovieNight.app */ = {isa = PBXFileReference; explicitFileType = wrapper.application; includeInIndex = 0; path = MovieNight.app; sourceTree = BUILT_PRODUCTS_DIR; };
		DE0897D42BB4630600DDC1F2 /* AppDelegate.swift */ = {isa = PBXFileReference; lastKnownFileType = sourcecode.swift; path = AppDelegate.swift; sourceTree = "<group>"; };
		DE0897D82BB4630700DDC1F2 /* Assets.xcassets */ = {isa = PBXFileReference; lastKnownFileType = folder.assetcatalog; path = Assets.xcassets; sourceTree = "<group>"; };
		DE0897DB2BB4630700DDC1F2 /* Preview Assets.xcassets */ = {isa = PBXFileReference; lastKnownFileType = folder.assetcatalog; path = "Preview Assets.xcassets"; sourceTree = "<group>"; };
		DE0897E12BB4630700DDC1F2 /* MovieNightTests.xctest */ = {isa = PBXFileReference; explicitFileType = wrapper.cfbundle; includeInIndex = 0; path = MovieNightTests.xctest; sourceTree = BUILT_PRODUCTS_DIR; };
		DE0897E52BB4630700DDC1F2 /* MovieNightTests.swift */ = {isa = PBXFileReference; lastKnownFileType = sourcecode.swift; path = MovieNightTests.swift; sourceTree = "<group>"; };
		DE08980E2BB4646F00DDC1F2 /* Info.plist */ = {isa = PBXFileReference; lastKnownFileType = text.plist; path = Info.plist; sourceTree = "<group>"; };
		DE0898122BB4652600DDC1F2 /* UINavigationController+PopToViewController.swift */ = {isa = PBXFileReference; fileEncoding = 4; lastKnownFileType = sourcecode.swift; path = "UINavigationController+PopToViewController.swift"; sourceTree = "<group>"; };
		DE0898132BB4652600DDC1F2 /* WithConfigurable.swift */ = {isa = PBXFileReference; fileEncoding = 4; lastKnownFileType = sourcecode.swift; path = WithConfigurable.swift; sourceTree = "<group>"; };
		DE0898142BB4652600DDC1F2 /* UIView+ViewController.swift */ = {isa = PBXFileReference; fileEncoding = 4; lastKnownFileType = sourcecode.swift; path = "UIView+ViewController.swift"; sourceTree = "<group>"; };
		DE0898152BB4652600DDC1F2 /* ErrorMessage.swift */ = {isa = PBXFileReference; fileEncoding = 4; lastKnownFileType = sourcecode.swift; path = ErrorMessage.swift; sourceTree = "<group>"; };
		DE0898162BB4652600DDC1F2 /* ScreenStateProtocol.swift */ = {isa = PBXFileReference; fileEncoding = 4; lastKnownFileType = sourcecode.swift; path = ScreenStateProtocol.swift; sourceTree = "<group>"; };
		DE0898172BB4652600DDC1F2 /* ViewControllerContainment.swift */ = {isa = PBXFileReference; fileEncoding = 4; lastKnownFileType = sourcecode.swift; path = ViewControllerContainment.swift; sourceTree = "<group>"; };
		DE0898182BB4652600DDC1F2 /* NavigationAction.swift */ = {isa = PBXFileReference; fileEncoding = 4; lastKnownFileType = sourcecode.swift; path = NavigationAction.swift; sourceTree = "<group>"; };
		DE0898192BB4652700DDC1F2 /* View+IfModifier.swift */ = {isa = PBXFileReference; fileEncoding = 4; lastKnownFileType = sourcecode.swift; path = "View+IfModifier.swift"; sourceTree = "<group>"; };
		DE0898222BB465AC00DDC1F2 /* MainNavigationController.swift */ = {isa = PBXFileReference; lastKnownFileType = sourcecode.swift; path = MainNavigationController.swift; sourceTree = "<group>"; };
		DE0898242BB465D200DDC1F2 /* MainDependencyContainer.swift */ = {isa = PBXFileReference; lastKnownFileType = sourcecode.swift; path = MainDependencyContainer.swift; sourceTree = "<group>"; };
		DE0898262BB465E900DDC1F2 /* MainViewModel.swift */ = {isa = PBXFileReference; lastKnownFileType = sourcecode.swift; path = MainViewModel.swift; sourceTree = "<group>"; };
		DE0898282BB4661900DDC1F2 /* MainView.swift */ = {isa = PBXFileReference; lastKnownFileType = sourcecode.swift; path = MainView.swift; sourceTree = "<group>"; };
		DE08982A2BB4664500DDC1F2 /* LaunchNavigationController.swift */ = {isa = PBXFileReference; lastKnownFileType = sourcecode.swift; path = LaunchNavigationController.swift; sourceTree = "<group>"; };
		DE08982F2BB4674800DDC1F2 /* NiblessView.swift */ = {isa = PBXFileReference; fileEncoding = 4; lastKnownFileType = sourcecode.swift; path = NiblessView.swift; sourceTree = "<group>"; };
		DE0898302BB4674800DDC1F2 /* NiblessTabBarController.swift */ = {isa = PBXFileReference; fileEncoding = 4; lastKnownFileType = sourcecode.swift; path = NiblessTabBarController.swift; sourceTree = "<group>"; };
		DE0898322BB4674800DDC1F2 /* NiblessViewController.swift */ = {isa = PBXFileReference; fileEncoding = 4; lastKnownFileType = sourcecode.swift; path = NiblessViewController.swift; sourceTree = "<group>"; };
		DE0898332BB4674800DDC1F2 /* NiblessNavigationController.swift */ = {isa = PBXFileReference; fileEncoding = 4; lastKnownFileType = sourcecode.swift; path = NiblessNavigationController.swift; sourceTree = "<group>"; };
		DE0898392BB4685500DDC1F2 /* LaunchDependencyContainer.swift */ = {isa = PBXFileReference; lastKnownFileType = sourcecode.swift; path = LaunchDependencyContainer.swift; sourceTree = "<group>"; };
		DE08983B2BB4689900DDC1F2 /* LaunchViewModel.swift */ = {isa = PBXFileReference; lastKnownFileType = sourcecode.swift; path = LaunchViewModel.swift; sourceTree = "<group>"; };
		DE08983D2BB468B200DDC1F2 /* LaunchView.swift */ = {isa = PBXFileReference; lastKnownFileType = sourcecode.swift; path = LaunchView.swift; sourceTree = "<group>"; };
		DE0898402BB4693E00DDC1F2 /* LaunchRootView.swift */ = {isa = PBXFileReference; lastKnownFileType = sourcecode.swift; path = LaunchRootView.swift; sourceTree = "<group>"; };
		DE0898422BB4696400DDC1F2 /* LaunchRootViewModel.swift */ = {isa = PBXFileReference; lastKnownFileType = sourcecode.swift; path = LaunchRootViewModel.swift; sourceTree = "<group>"; };
		DE0898442BB469BA00DDC1F2 /* HomeNavigationController.swift */ = {isa = PBXFileReference; lastKnownFileType = sourcecode.swift; path = HomeNavigationController.swift; sourceTree = "<group>"; };
		DE0898462BB46A2800DDC1F2 /* HomeDependencyContainer.swift */ = {isa = PBXFileReference; lastKnownFileType = sourcecode.swift; path = HomeDependencyContainer.swift; sourceTree = "<group>"; };
		DE0898482BB46A7700DDC1F2 /* HomeViewModel.swift */ = {isa = PBXFileReference; lastKnownFileType = sourcecode.swift; path = HomeViewModel.swift; sourceTree = "<group>"; };
		DE08984A2BB46AB300DDC1F2 /* HomeView.swift */ = {isa = PBXFileReference; lastKnownFileType = sourcecode.swift; path = HomeView.swift; sourceTree = "<group>"; };
		DE08984E2BB46B7500DDC1F2 /* HomeRootView.swift */ = {isa = PBXFileReference; lastKnownFileType = sourcecode.swift; path = HomeRootView.swift; sourceTree = "<group>"; };
		DE0898502BB46B8300DDC1F2 /* HomeRootViewModel.swift */ = {isa = PBXFileReference; lastKnownFileType = sourcecode.swift; path = HomeRootViewModel.swift; sourceTree = "<group>"; };
		DE0898522BB46BEC00DDC1F2 /* MovieDetailsView.swift */ = {isa = PBXFileReference; lastKnownFileType = sourcecode.swift; path = MovieDetailsView.swift; sourceTree = "<group>"; };
		DE0898542BB46C0100DDC1F2 /* MovieDetailsViewModel.swift */ = {isa = PBXFileReference; lastKnownFileType = sourcecode.swift; path = MovieDetailsViewModel.swift; sourceTree = "<group>"; };
		DE4E43232BB5A6D8008D405D /* Montserrat-Bold.ttf */ = {isa = PBXFileReference; lastKnownFileType = file; path = "Montserrat-Bold.ttf"; sourceTree = "<group>"; };
		DE4E43252BB5A6E8008D405D /* Montserrat-ExtraLight.ttf */ = {isa = PBXFileReference; lastKnownFileType = file; path = "Montserrat-ExtraLight.ttf"; sourceTree = "<group>"; };
		DE4E43272BB5A6F2008D405D /* Montserrat-Medium.ttf */ = {isa = PBXFileReference; lastKnownFileType = file; path = "Montserrat-Medium.ttf"; sourceTree = "<group>"; };
		DE4E43292BB5A6FE008D405D /* Montserrat-Regular.ttf */ = {isa = PBXFileReference; lastKnownFileType = file; path = "Montserrat-Regular.ttf"; sourceTree = "<group>"; };
		DE4E432A2BB5A6FE008D405D /* Montserrat-SemiBold.ttf */ = {isa = PBXFileReference; lastKnownFileType = file; path = "Montserrat-SemiBold.ttf"; sourceTree = "<group>"; };
		DE8A7DCC2BB6580A00DD823F /* Launch Screen.storyboard */ = {isa = PBXFileReference; lastKnownFileType = file.storyboard; path = "Launch Screen.storyboard"; sourceTree = "<group>"; };
		DE8A7DD42BB7075700DD823F /* CoreKit.framework */ = {isa = PBXFileReference; explicitFileType = wrapper.framework; includeInIndex = 0; path = CoreKit.framework; sourceTree = BUILT_PRODUCTS_DIR; };
		DE8A7DD62BB7075700DD823F /* CoreKit.h */ = {isa = PBXFileReference; lastKnownFileType = sourcecode.c.h; path = CoreKit.h; sourceTree = "<group>"; };
		DE8A7DDB2BB7075700DD823F /* CoreKitTests.xctest */ = {isa = PBXFileReference; explicitFileType = wrapper.cfbundle; includeInIndex = 0; path = CoreKitTests.xctest; sourceTree = BUILT_PRODUCTS_DIR; };
		DE8A7DE22BB7075700DD823F /* CoreKitTests.swift */ = {isa = PBXFileReference; lastKnownFileType = sourcecode.swift; path = CoreKitTests.swift; sourceTree = "<group>"; };
		DE8A7DF32BB709B700DD823F /* Movies.swift */ = {isa = PBXFileReference; lastKnownFileType = sourcecode.swift; path = Movies.swift; sourceTree = "<group>"; };
		DE8A7DF62BB70C8B00DD823F /* Security.framework */ = {isa = PBXFileReference; lastKnownFileType = wrapper.framework; name = Security.framework; path = Platforms/MacOSX.platform/Developer/SDKs/MacOSX14.0.sdk/System/Library/Frameworks/Security.framework; sourceTree = DEVELOPER_DIR; };
		DE8A7DFC2BB71C3900DD823F /* RequestConfiguration.swift */ = {isa = PBXFileReference; lastKnownFileType = sourcecode.swift; path = RequestConfiguration.swift; sourceTree = "<group>"; };
		DE8A7DFF2BB737F500DD823F /* RemoteService.swift */ = {isa = PBXFileReference; lastKnownFileType = sourcecode.swift; path = RemoteService.swift; sourceTree = "<group>"; };
		DE8A7E022BB73F7D00DD823F /* String+url.swift */ = {isa = PBXFileReference; lastKnownFileType = sourcecode.swift; path = "String+url.swift"; sourceTree = "<group>"; };
		DE8A7E042BB7428000DD823F /* MovieNightService.swift */ = {isa = PBXFileReference; lastKnownFileType = sourcecode.swift; path = MovieNightService.swift; sourceTree = "<group>"; };
		DE8A7E062BB7438E00DD823F /* DiscoverService.swift */ = {isa = PBXFileReference; lastKnownFileType = sourcecode.swift; path = DiscoverService.swift; sourceTree = "<group>"; };
		DE8A7E0B2BB75B6E00DD823F /* DiscoverApis.swift */ = {isa = PBXFileReference; lastKnownFileType = sourcecode.swift; path = DiscoverApis.swift; sourceTree = "<group>"; };
		DE8A7E0D2BB75C0200DD823F /* RemoteAPI.swift */ = {isa = PBXFileReference; lastKnownFileType = sourcecode.swift; path = RemoteAPI.swift; sourceTree = "<group>"; };
		DE8A7E0F2BB75CFB00DD823F /* MoviesResult.swift */ = {isa = PBXFileReference; lastKnownFileType = sourcecode.swift; path = MoviesResult.swift; sourceTree = "<group>"; };
		DE8A7E112BB75D7F00DD823F /* MovieNightDiscoverApis.swift */ = {isa = PBXFileReference; lastKnownFileType = sourcecode.swift; path = MovieNightDiscoverApis.swift; sourceTree = "<group>"; };
		DE8A7E132BB75E5C00DD823F /* DiscoverRepository.swift */ = {isa = PBXFileReference; lastKnownFileType = sourcecode.swift; path = DiscoverRepository.swift; sourceTree = "<group>"; };
		DE8A7E152BB75E9000DD823F /* MainDiscoverRepository.swift */ = {isa = PBXFileReference; lastKnownFileType = sourcecode.swift; path = MainDiscoverRepository.swift; sourceTree = "<group>"; };
		DE8A7E172BB767EC00DD823F /* Bundle+infoForKey.swift */ = {isa = PBXFileReference; lastKnownFileType = sourcecode.swift; path = "Bundle+infoForKey.swift"; sourceTree = "<group>"; };
		DE8A7E1A2BB792C500DD823F /* ParameterEncoding.swift */ = {isa = PBXFileReference; lastKnownFileType = sourcecode.swift; path = ParameterEncoding.swift; sourceTree = "<group>"; };
		DE8A7E1C2BB792F500DD823F /* HTTPMethod.swift */ = {isa = PBXFileReference; lastKnownFileType = sourcecode.swift; path = HTTPMethod.swift; sourceTree = "<group>"; };
		DE8A7E1E2BB7933000DD823F /* HTTPHeader.swift */ = {isa = PBXFileReference; lastKnownFileType = sourcecode.swift; path = HTTPHeader.swift; sourceTree = "<group>"; };
		DE8A7E252BB8473000DD823F /* Config.xcconfig */ = {isa = PBXFileReference; lastKnownFileType = text.xcconfig; path = Config.xcconfig; sourceTree = "<group>"; };
		DEFED2132BB8517100A61DB8 /* LoaderView.swift */ = {isa = PBXFileReference; lastKnownFileType = sourcecode.swift; path = LoaderView.swift; sourceTree = "<group>"; };
		DEFED2152BB8518700A61DB8 /* ErrorMessageView.swift */ = {isa = PBXFileReference; lastKnownFileType = sourcecode.swift; path = ErrorMessageView.swift; sourceTree = "<group>"; };
/* End PBXFileReference section */

/* Begin PBXFrameworksBuildPhase section */
		DE0897CE2BB4630600DDC1F2 /* Frameworks */ = {
			isa = PBXFrameworksBuildPhase;
			buildActionMask = 2147483647;
			files = (
				DE8A7DE72BB7075700DD823F /* CoreKit.framework in Frameworks */,
			);
			runOnlyForDeploymentPostprocessing = 0;
		};
		DE0897DE2BB4630700DDC1F2 /* Frameworks */ = {
			isa = PBXFrameworksBuildPhase;
			buildActionMask = 2147483647;
			files = (
			);
			runOnlyForDeploymentPostprocessing = 0;
		};
		DE8A7DD12BB7075700DD823F /* Frameworks */ = {
			isa = PBXFrameworksBuildPhase;
			buildActionMask = 2147483647;
			files = (
				DE8A7DF72BB70C8B00DD823F /* Security.framework in Frameworks */,
			);
			runOnlyForDeploymentPostprocessing = 0;
		};
		DE8A7DD82BB7075700DD823F /* Frameworks */ = {
			isa = PBXFrameworksBuildPhase;
			buildActionMask = 2147483647;
			files = (
				DE8A7DDC2BB7075700DD823F /* CoreKit.framework in Frameworks */,
			);
			runOnlyForDeploymentPostprocessing = 0;
		};
/* End PBXFrameworksBuildPhase section */

/* Begin PBXGroup section */
		DE0897C82BB4630600DDC1F2 = {
			isa = PBXGroup;
			children = (
				DE8A7E262BB84C4900DD823F /* Enviroments */,
				DE0897D32BB4630600DDC1F2 /* MovieNight */,
				DE0897E42BB4630700DDC1F2 /* MovieNightTests */,
				DE8A7DD52BB7075700DD823F /* CoreKit */,
				DE8A7DE12BB7075700DD823F /* CoreKitTests */,
				DE0897D22BB4630600DDC1F2 /* Products */,
				DE8A7DF52BB70C8B00DD823F /* Frameworks */,
			);
			sourceTree = "<group>";
		};
		DE0897D22BB4630600DDC1F2 /* Products */ = {
			isa = PBXGroup;
			children = (
				DE0897D12BB4630600DDC1F2 /* MovieNight.app */,
				DE0897E12BB4630700DDC1F2 /* MovieNightTests.xctest */,
				DE8A7DD42BB7075700DD823F /* CoreKit.framework */,
				DE8A7DDB2BB7075700DD823F /* CoreKitTests.xctest */,
			);
			name = Products;
			sourceTree = "<group>";
		};
		DE0897D32BB4630600DDC1F2 /* MovieNight */ = {
			isa = PBXGroup;
			children = (
				DE08980E2BB4646F00DDC1F2 /* Info.plist */,
				DE0897D42BB4630600DDC1F2 /* AppDelegate.swift */,
				DEFED2122BB8515B00A61DB8 /* Reusable */,
				DE08982E2BB4673C00DDC1F2 /* NiblessComponent */,
				DE0898112BB4651500DDC1F2 /* Extenstions */,
				DE0898032BB4640000DDC1F2 /* Fonts */,
				DE0897FF2BB4639700DDC1F2 /* Modules */,
				DE8A7DCE2BB6581C00DD823F /* StoryBoards */,
				DE0897FE2BB4635B00DDC1F2 /* CoreKit */,
				DE0897D82BB4630700DDC1F2 /* Assets.xcassets */,
				DE0897DA2BB4630700DDC1F2 /* Preview Content */,
			);
			path = MovieNight;
			sourceTree = "<group>";
		};
		DE0897DA2BB4630700DDC1F2 /* Preview Content */ = {
			isa = PBXGroup;
			children = (
				DE0897DB2BB4630700DDC1F2 /* Preview Assets.xcassets */,
			);
			path = "Preview Content";
			sourceTree = "<group>";
		};
		DE0897E42BB4630700DDC1F2 /* MovieNightTests */ = {
			isa = PBXGroup;
			children = (
				DE0897E52BB4630700DDC1F2 /* MovieNightTests.swift */,
			);
			path = MovieNightTests;
			sourceTree = "<group>";
		};
		DE0897FE2BB4635B00DDC1F2 /* CoreKit */ = {
			isa = PBXGroup;
			children = (
			);
			path = CoreKit;
			sourceTree = "<group>";
		};
		DE0897FF2BB4639700DDC1F2 /* Modules */ = {
			isa = PBXGroup;
			children = (
				DE0898002BB463B500DDC1F2 /* Main */,
				DE0898012BB463BE00DDC1F2 /* Launch */,
				DE0898022BB463C800DDC1F2 /* Home */,
			);
			path = Modules;
			sourceTree = "<group>";
		};
		DE0898002BB463B500DDC1F2 /* Main */ = {
			isa = PBXGroup;
			children = (
				DE0898222BB465AC00DDC1F2 /* MainNavigationController.swift */,
				DE0898242BB465D200DDC1F2 /* MainDependencyContainer.swift */,
				DE0898262BB465E900DDC1F2 /* MainViewModel.swift */,
				DE0898282BB4661900DDC1F2 /* MainView.swift */,
			);
			path = Main;
			sourceTree = "<group>";
		};
		DE0898012BB463BE00DDC1F2 /* Launch */ = {
			isa = PBXGroup;
			children = (
				DE08982A2BB4664500DDC1F2 /* LaunchNavigationController.swift */,
				DE0898392BB4685500DDC1F2 /* LaunchDependencyContainer.swift */,
				DE08983B2BB4689900DDC1F2 /* LaunchViewModel.swift */,
				DE08983D2BB468B200DDC1F2 /* LaunchView.swift */,
				DE08983F2BB4692C00DDC1F2 /* root */,
			);
			path = Launch;
			sourceTree = "<group>";
		};
		DE0898022BB463C800DDC1F2 /* Home */ = {
			isa = PBXGroup;
			children = (
				DE0898442BB469BA00DDC1F2 /* HomeNavigationController.swift */,
				DE0898462BB46A2800DDC1F2 /* HomeDependencyContainer.swift */,
				DE0898482BB46A7700DDC1F2 /* HomeViewModel.swift */,
				DE08984A2BB46AB300DDC1F2 /* HomeView.swift */,
				DE08984C2BB46AF900DDC1F2 /* root */,
				DE08984D2BB46B1500DDC1F2 /* MovieDetails */,
			);
			path = Home;
			sourceTree = "<group>";
		};
		DE0898032BB4640000DDC1F2 /* Fonts */ = {
			isa = PBXGroup;
			children = (
				DE4E43292BB5A6FE008D405D /* Montserrat-Regular.ttf */,
				DE4E432A2BB5A6FE008D405D /* Montserrat-SemiBold.ttf */,
				DE4E43272BB5A6F2008D405D /* Montserrat-Medium.ttf */,
				DE4E43252BB5A6E8008D405D /* Montserrat-ExtraLight.ttf */,
				DE4E43232BB5A6D8008D405D /* Montserrat-Bold.ttf */,
			);
			path = Fonts;
			sourceTree = "<group>";
		};
		DE0898112BB4651500DDC1F2 /* Extenstions */ = {
			isa = PBXGroup;
			children = (
				DE0898152BB4652600DDC1F2 /* ErrorMessage.swift */,
				DE0898182BB4652600DDC1F2 /* NavigationAction.swift */,
				DE0898162BB4652600DDC1F2 /* ScreenStateProtocol.swift */,
				DE0898122BB4652600DDC1F2 /* UINavigationController+PopToViewController.swift */,
				DE0898142BB4652600DDC1F2 /* UIView+ViewController.swift */,
				DE0898192BB4652700DDC1F2 /* View+IfModifier.swift */,
				DE0898172BB4652600DDC1F2 /* ViewControllerContainment.swift */,
				DE0898132BB4652600DDC1F2 /* WithConfigurable.swift */,
			);
			path = Extenstions;
			sourceTree = "<group>";
		};
		DE08982E2BB4673C00DDC1F2 /* NiblessComponent */ = {
			isa = PBXGroup;
			children = (
				DE0898332BB4674800DDC1F2 /* NiblessNavigationController.swift */,
				DE0898302BB4674800DDC1F2 /* NiblessTabBarController.swift */,
				DE08982F2BB4674800DDC1F2 /* NiblessView.swift */,
				DE0898322BB4674800DDC1F2 /* NiblessViewController.swift */,
			);
			path = NiblessComponent;
			sourceTree = "<group>";
		};
		DE08983F2BB4692C00DDC1F2 /* root */ = {
			isa = PBXGroup;
			children = (
				DE0898402BB4693E00DDC1F2 /* LaunchRootView.swift */,
				DE0898422BB4696400DDC1F2 /* LaunchRootViewModel.swift */,
			);
			path = root;
			sourceTree = "<group>";
		};
		DE08984C2BB46AF900DDC1F2 /* root */ = {
			isa = PBXGroup;
			children = (
				DE08984E2BB46B7500DDC1F2 /* HomeRootView.swift */,
				DE0898502BB46B8300DDC1F2 /* HomeRootViewModel.swift */,
			);
			path = root;
			sourceTree = "<group>";
		};
		DE08984D2BB46B1500DDC1F2 /* MovieDetails */ = {
			isa = PBXGroup;
			children = (
				DE0898522BB46BEC00DDC1F2 /* MovieDetailsView.swift */,
				DE0898542BB46C0100DDC1F2 /* MovieDetailsViewModel.swift */,
			);
			path = MovieDetails;
			sourceTree = "<group>";
		};
		DE8A7DCE2BB6581C00DD823F /* StoryBoards */ = {
			isa = PBXGroup;
			children = (
				DE8A7DCC2BB6580A00DD823F /* Launch Screen.storyboard */,
			);
			path = StoryBoards;
			sourceTree = "<group>";
		};
		DE8A7DD52BB7075700DD823F /* CoreKit */ = {
			isa = PBXGroup;
			children = (
				DE8A7DD62BB7075700DD823F /* CoreKit.h */,
				DE8A7E192BB7929200DD823F /* Network */,
				DE8A7E012BB73F6C00DD823F /* Extension */,
				DE8A7DF02BB7095D00DD823F /* Repository */,
				DE8A7DF12BB7098400DD823F /* Remote */,
				DE8A7DF22BB7098D00DD823F /* DTOs */,
				DE8A7DFC2BB71C3900DD823F /* RequestConfiguration.swift */,
				DE8A7E0D2BB75C0200DD823F /* RemoteAPI.swift */,
			);
			path = CoreKit;
			sourceTree = "<group>";
		};
		DE8A7DE12BB7075700DD823F /* CoreKitTests */ = {
			isa = PBXGroup;
			children = (
				DE8A7DE22BB7075700DD823F /* CoreKitTests.swift */,
			);
			path = CoreKitTests;
			sourceTree = "<group>";
		};
		DE8A7DF02BB7095D00DD823F /* Repository */ = {
			isa = PBXGroup;
			children = (
				DE8A7E132BB75E5C00DD823F /* DiscoverRepository.swift */,
				DE8A7E152BB75E9000DD823F /* MainDiscoverRepository.swift */,
			);
			path = Repository;
			sourceTree = "<group>";
		};
		DE8A7DF12BB7098400DD823F /* Remote */ = {
			isa = PBXGroup;
			children = (
				DE8A7DFA2BB71BD700DD823F /* Services */,
				DE8A7DFB2BB71BDE00DD823F /* Apis */,
			);
			path = Remote;
			sourceTree = "<group>";
		};
		DE8A7DF22BB7098D00DD823F /* DTOs */ = {
			isa = PBXGroup;
			children = (
				DE8A7DF32BB709B700DD823F /* Movies.swift */,
				DE8A7E0F2BB75CFB00DD823F /* MoviesResult.swift */,
			);
			path = DTOs;
			sourceTree = "<group>";
		};
		DE8A7DF52BB70C8B00DD823F /* Frameworks */ = {
			isa = PBXGroup;
			children = (
				DE8A7DF62BB70C8B00DD823F /* Security.framework */,
			);
			name = Frameworks;
			sourceTree = "<group>";
		};
		DE8A7DFA2BB71BD700DD823F /* Services */ = {
			isa = PBXGroup;
			children = (
				DE8A7DFE2BB7342200DD823F /* Base */,
				DE8A7E062BB7438E00DD823F /* DiscoverService.swift */,
			);
			path = Services;
			sourceTree = "<group>";
		};
		DE8A7DFB2BB71BDE00DD823F /* Apis */ = {
			isa = PBXGroup;
			children = (
				DE8A7E0A2BB75B5A00DD823F /* DiscoverApis */,
			);
			path = Apis;
			sourceTree = "<group>";
		};
		DE8A7DFE2BB7342200DD823F /* Base */ = {
			isa = PBXGroup;
			children = (
				DE8A7DFF2BB737F500DD823F /* RemoteService.swift */,
				DE8A7E042BB7428000DD823F /* MovieNightService.swift */,
			);
			path = Base;
			sourceTree = "<group>";
		};
		DE8A7E012BB73F6C00DD823F /* Extension */ = {
			isa = PBXGroup;
			children = (
				DE8A7E022BB73F7D00DD823F /* String+url.swift */,
				DE8A7E172BB767EC00DD823F /* Bundle+infoForKey.swift */,
			);
			path = Extension;
			sourceTree = "<group>";
		};
		DE8A7E0A2BB75B5A00DD823F /* DiscoverApis */ = {
			isa = PBXGroup;
			children = (
				DE8A7E0B2BB75B6E00DD823F /* DiscoverApis.swift */,
				DE8A7E112BB75D7F00DD823F /* MovieNightDiscoverApis.swift */,
			);
			path = DiscoverApis;
			sourceTree = "<group>";
		};
		DE8A7E192BB7929200DD823F /* Network */ = {
			isa = PBXGroup;
			children = (
				DE8A7E1A2BB792C500DD823F /* ParameterEncoding.swift */,
				DE8A7E1C2BB792F500DD823F /* HTTPMethod.swift */,
				DE8A7E1E2BB7933000DD823F /* HTTPHeader.swift */,
			);
			path = Network;
			sourceTree = "<group>";
		};
		DE8A7E262BB84C4900DD823F /* Enviroments */ = {
			isa = PBXGroup;
			children = (
				DE8A7E252BB8473000DD823F /* Config.xcconfig */,
			);
			path = Enviroments;
			sourceTree = "<group>";
		};
		DEFED2122BB8515B00A61DB8 /* Reusable */ = {
			isa = PBXGroup;
			children = (
				DEFED2132BB8517100A61DB8 /* LoaderView.swift */,
				DEFED2152BB8518700A61DB8 /* ErrorMessageView.swift */,
			);
			path = Reusable;
			sourceTree = "<group>";
		};
/* End PBXGroup section */

/* Begin PBXHeadersBuildPhase section */
		DE8A7DCF2BB7075700DD823F /* Headers */ = {
			isa = PBXHeadersBuildPhase;
			buildActionMask = 2147483647;
			files = (
				DE8A7DE42BB7075700DD823F /* CoreKit.h in Headers */,
			);
			runOnlyForDeploymentPostprocessing = 0;
		};
/* End PBXHeadersBuildPhase section */

/* Begin PBXNativeTarget section */
		DE0897D02BB4630600DDC1F2 /* MovieNight */ = {
			isa = PBXNativeTarget;
			buildConfigurationList = DE0897F52BB4630800DDC1F2 /* Build configuration list for PBXNativeTarget "MovieNight" */;
			buildPhases = (
				DE0897CD2BB4630600DDC1F2 /* Sources */,
				DE0897CE2BB4630600DDC1F2 /* Frameworks */,
				DE0897CF2BB4630600DDC1F2 /* Resources */,
				DE8A7DE92BB7075700DD823F /* Embed Frameworks */,
			);
			buildRules = (
			);
			dependencies = (
				DE8A7DE62BB7075700DD823F /* PBXTargetDependency */,
			);
			name = MovieNight;
			productName = MovieNight;
			productReference = DE0897D12BB4630600DDC1F2 /* MovieNight.app */;
			productType = "com.apple.product-type.application";
		};
		DE0897E02BB4630700DDC1F2 /* MovieNightTests */ = {
			isa = PBXNativeTarget;
			buildConfigurationList = DE0897F82BB4630800DDC1F2 /* Build configuration list for PBXNativeTarget "MovieNightTests" */;
			buildPhases = (
				DE0897DD2BB4630700DDC1F2 /* Sources */,
				DE0897DE2BB4630700DDC1F2 /* Frameworks */,
				DE0897DF2BB4630700DDC1F2 /* Resources */,
			);
			buildRules = (
			);
			dependencies = (
				DE0897E32BB4630700DDC1F2 /* PBXTargetDependency */,
			);
			name = MovieNightTests;
			productName = MovieNightTests;
			productReference = DE0897E12BB4630700DDC1F2 /* MovieNightTests.xctest */;
			productType = "com.apple.product-type.bundle.unit-test";
		};
		DE8A7DD32BB7075700DD823F /* CoreKit */ = {
			isa = PBXNativeTarget;
			buildConfigurationList = DE8A7DEE2BB7075700DD823F /* Build configuration list for PBXNativeTarget "CoreKit" */;
			buildPhases = (
				DE8A7DCF2BB7075700DD823F /* Headers */,
				DE8A7DD02BB7075700DD823F /* Sources */,
				DE8A7DD12BB7075700DD823F /* Frameworks */,
				DE8A7DD22BB7075700DD823F /* Resources */,
			);
			buildRules = (
			);
			dependencies = (
			);
			name = CoreKit;
			productName = CoreKit;
			productReference = DE8A7DD42BB7075700DD823F /* CoreKit.framework */;
			productType = "com.apple.product-type.framework";
		};
		DE8A7DDA2BB7075700DD823F /* CoreKitTests */ = {
			isa = PBXNativeTarget;
			buildConfigurationList = DE8A7DEF2BB7075700DD823F /* Build configuration list for PBXNativeTarget "CoreKitTests" */;
			buildPhases = (
				DE8A7DD72BB7075700DD823F /* Sources */,
				DE8A7DD82BB7075700DD823F /* Frameworks */,
				DE8A7DD92BB7075700DD823F /* Resources */,
			);
			buildRules = (
			);
			dependencies = (
				DE8A7DDE2BB7075700DD823F /* PBXTargetDependency */,
				DE8A7DE02BB7075700DD823F /* PBXTargetDependency */,
			);
			name = CoreKitTests;
			productName = CoreKitTests;
			productReference = DE8A7DDB2BB7075700DD823F /* CoreKitTests.xctest */;
			productType = "com.apple.product-type.bundle.unit-test";
		};
/* End PBXNativeTarget section */

/* Begin PBXProject section */
		DE0897C92BB4630600DDC1F2 /* Project object */ = {
			isa = PBXProject;
			attributes = {
				BuildIndependentTargetsInParallel = 1;
				LastSwiftUpdateCheck = 1500;
				LastUpgradeCheck = 1500;
				TargetAttributes = {
					DE0897D02BB4630600DDC1F2 = {
						CreatedOnToolsVersion = 15.0.1;
					};
					DE0897E02BB4630700DDC1F2 = {
						CreatedOnToolsVersion = 15.0.1;
						TestTargetID = DE0897D02BB4630600DDC1F2;
					};
					DE8A7DD32BB7075700DD823F = {
						CreatedOnToolsVersion = 15.0.1;
						LastSwiftMigration = 1500;
					};
					DE8A7DDA2BB7075700DD823F = {
						CreatedOnToolsVersion = 15.0.1;
						TestTargetID = DE0897D02BB4630600DDC1F2;
					};
				};
			};
			buildConfigurationList = DE0897CC2BB4630600DDC1F2 /* Build configuration list for PBXProject "MovieNight" */;
			compatibilityVersion = "Xcode 14.0";
			developmentRegion = en;
			hasScannedForEncodings = 0;
			knownRegions = (
				en,
				Base,
			);
			mainGroup = DE0897C82BB4630600DDC1F2;
			productRefGroup = DE0897D22BB4630600DDC1F2 /* Products */;
			projectDirPath = "";
			projectRoot = "";
			targets = (
				DE0897D02BB4630600DDC1F2 /* MovieNight */,
				DE0897E02BB4630700DDC1F2 /* MovieNightTests */,
				DE8A7DD32BB7075700DD823F /* CoreKit */,
				DE8A7DDA2BB7075700DD823F /* CoreKitTests */,
			);
		};
/* End PBXProject section */

/* Begin PBXResourcesBuildPhase section */
		DE0897CF2BB4630600DDC1F2 /* Resources */ = {
			isa = PBXResourcesBuildPhase;
			buildActionMask = 2147483647;
			files = (
				DE4E432B2BB5A6FE008D405D /* Montserrat-Regular.ttf in Resources */,
				DE4E43262BB5A6E8008D405D /* Montserrat-ExtraLight.ttf in Resources */,
				DE8A7DCD2BB6580A00DD823F /* Launch Screen.storyboard in Resources */,
				DE4E432C2BB5A6FE008D405D /* Montserrat-SemiBold.ttf in Resources */,
				DE4E43242BB5A6D8008D405D /* Montserrat-Bold.ttf in Resources */,
				DE4E43282BB5A6F2008D405D /* Montserrat-Medium.ttf in Resources */,
				DE0897DC2BB4630700DDC1F2 /* Preview Assets.xcassets in Resources */,
				DE0897D92BB4630700DDC1F2 /* Assets.xcassets in Resources */,
			);
			runOnlyForDeploymentPostprocessing = 0;
		};
		DE0897DF2BB4630700DDC1F2 /* Resources */ = {
			isa = PBXResourcesBuildPhase;
			buildActionMask = 2147483647;
			files = (
			);
			runOnlyForDeploymentPostprocessing = 0;
		};
		DE8A7DD22BB7075700DD823F /* Resources */ = {
			isa = PBXResourcesBuildPhase;
			buildActionMask = 2147483647;
			files = (
			);
			runOnlyForDeploymentPostprocessing = 0;
		};
		DE8A7DD92BB7075700DD823F /* Resources */ = {
			isa = PBXResourcesBuildPhase;
			buildActionMask = 2147483647;
			files = (
			);
			runOnlyForDeploymentPostprocessing = 0;
		};
/* End PBXResourcesBuildPhase section */

/* Begin PBXSourcesBuildPhase section */
		DE0897CD2BB4630600DDC1F2 /* Sources */ = {
			isa = PBXSourcesBuildPhase;
			buildActionMask = 2147483647;
			files = (
				DE0898232BB465AC00DDC1F2 /* MainNavigationController.swift in Sources */,
				DE08984B2BB46AB300DDC1F2 /* HomeView.swift in Sources */,
				DE08983E2BB468B200DDC1F2 /* LaunchView.swift in Sources */,
				DE0898372BB4674800DDC1F2 /* NiblessViewController.swift in Sources */,
				DE08983C2BB4689900DDC1F2 /* LaunchViewModel.swift in Sources */,
				DE0898292BB4661900DDC1F2 /* MainView.swift in Sources */,
				DE08981B2BB4652700DDC1F2 /* WithConfigurable.swift in Sources */,
				DE0898552BB46C0100DDC1F2 /* MovieDetailsViewModel.swift in Sources */,
				DE0898432BB4696400DDC1F2 /* LaunchRootViewModel.swift in Sources */,
				DE0898512BB46B8300DDC1F2 /* HomeRootViewModel.swift in Sources */,
				DE08981F2BB4652700DDC1F2 /* ViewControllerContainment.swift in Sources */,
				DE0898382BB4674800DDC1F2 /* NiblessNavigationController.swift in Sources */,
				DE0898492BB46A7700DDC1F2 /* HomeViewModel.swift in Sources */,
				DE0898532BB46BEC00DDC1F2 /* MovieDetailsView.swift in Sources */,
				DE0898252BB465D200DDC1F2 /* MainDependencyContainer.swift in Sources */,
				DE08981C2BB4652700DDC1F2 /* UIView+ViewController.swift in Sources */,
				DE08981D2BB4652700DDC1F2 /* ErrorMessage.swift in Sources */,
				DE0897D52BB4630600DDC1F2 /* AppDelegate.swift in Sources */,
				DE0898412BB4693E00DDC1F2 /* LaunchRootView.swift in Sources */,
				DE0898452BB469BA00DDC1F2 /* HomeNavigationController.swift in Sources */,
				DE0898352BB4674800DDC1F2 /* NiblessTabBarController.swift in Sources */,
				DE08981A2BB4652700DDC1F2 /* UINavigationController+PopToViewController.swift in Sources */,
				DE08981E2BB4652700DDC1F2 /* ScreenStateProtocol.swift in Sources */,
				DE08984F2BB46B7500DDC1F2 /* HomeRootView.swift in Sources */,
				DEFED2162BB8518700A61DB8 /* ErrorMessageView.swift in Sources */,
				DE08982B2BB4664500DDC1F2 /* LaunchNavigationController.swift in Sources */,
				DE08983A2BB4685500DDC1F2 /* LaunchDependencyContainer.swift in Sources */,
				DE0898202BB4652700DDC1F2 /* NavigationAction.swift in Sources */,
				DE0898342BB4674800DDC1F2 /* NiblessView.swift in Sources */,
				DE0898212BB4652700DDC1F2 /* View+IfModifier.swift in Sources */,
				DEFED2142BB8517100A61DB8 /* LoaderView.swift in Sources */,
				DE0898272BB465E900DDC1F2 /* MainViewModel.swift in Sources */,
				DE0898472BB46A2800DDC1F2 /* HomeDependencyContainer.swift in Sources */,
			);
			runOnlyForDeploymentPostprocessing = 0;
		};
		DE0897DD2BB4630700DDC1F2 /* Sources */ = {
			isa = PBXSourcesBuildPhase;
			buildActionMask = 2147483647;
			files = (
				DE0897E62BB4630700DDC1F2 /* MovieNightTests.swift in Sources */,
			);
			runOnlyForDeploymentPostprocessing = 0;
		};
		DE8A7DD02BB7075700DD823F /* Sources */ = {
			isa = PBXSourcesBuildPhase;
			buildActionMask = 2147483647;
			files = (
				DE8A7E1B2BB792C500DD823F /* ParameterEncoding.swift in Sources */,
				DE8A7E0E2BB75C0200DD823F /* RemoteAPI.swift in Sources */,
				DE8A7E182BB767EC00DD823F /* Bundle+infoForKey.swift in Sources */,
				DE8A7E052BB7428000DD823F /* MovieNightService.swift in Sources */,
				DE8A7E1F2BB7933000DD823F /* HTTPHeader.swift in Sources */,
				DE8A7E032BB73F7D00DD823F /* String+url.swift in Sources */,
				DE8A7E162BB75E9000DD823F /* MainDiscoverRepository.swift in Sources */,
				DE8A7DF42BB709B700DD823F /* Movies.swift in Sources */,
				DE8A7E102BB75CFB00DD823F /* MoviesResult.swift in Sources */,
				DE8A7E1D2BB792F500DD823F /* HTTPMethod.swift in Sources */,
				DE8A7E122BB75D7F00DD823F /* MovieNightDiscoverApis.swift in Sources */,
				DE8A7E142BB75E5C00DD823F /* DiscoverRepository.swift in Sources */,
				DE8A7E002BB737F500DD823F /* RemoteService.swift in Sources */,
				DE8A7E072BB7438E00DD823F /* DiscoverService.swift in Sources */,
				DE8A7E0C2BB75B6E00DD823F /* DiscoverApis.swift in Sources */,
				DE8A7DFD2BB71C3900DD823F /* RequestConfiguration.swift in Sources */,
			);
			runOnlyForDeploymentPostprocessing = 0;
		};
		DE8A7DD72BB7075700DD823F /* Sources */ = {
			isa = PBXSourcesBuildPhase;
			buildActionMask = 2147483647;
			files = (
				DE8A7DE32BB7075700DD823F /* CoreKitTests.swift in Sources */,
			);
			runOnlyForDeploymentPostprocessing = 0;
		};
/* End PBXSourcesBuildPhase section */

/* Begin PBXTargetDependency section */
		DE0897E32BB4630700DDC1F2 /* PBXTargetDependency */ = {
			isa = PBXTargetDependency;
			target = DE0897D02BB4630600DDC1F2 /* MovieNight */;
			targetProxy = DE0897E22BB4630700DDC1F2 /* PBXContainerItemProxy */;
		};
		DE8A7DDE2BB7075700DD823F /* PBXTargetDependency */ = {
			isa = PBXTargetDependency;
			target = DE8A7DD32BB7075700DD823F /* CoreKit */;
			targetProxy = DE8A7DDD2BB7075700DD823F /* PBXContainerItemProxy */;
		};
		DE8A7DE02BB7075700DD823F /* PBXTargetDependency */ = {
			isa = PBXTargetDependency;
			target = DE0897D02BB4630600DDC1F2 /* MovieNight */;
			targetProxy = DE8A7DDF2BB7075700DD823F /* PBXContainerItemProxy */;
		};
		DE8A7DE62BB7075700DD823F /* PBXTargetDependency */ = {
			isa = PBXTargetDependency;
			target = DE8A7DD32BB7075700DD823F /* CoreKit */;
			targetProxy = DE8A7DE52BB7075700DD823F /* PBXContainerItemProxy */;
		};
/* End PBXTargetDependency section */

/* Begin XCBuildConfiguration section */
		DE0897F32BB4630800DDC1F2 /* Debug */ = {
			isa = XCBuildConfiguration;
			baseConfigurationReference = DE8A7E252BB8473000DD823F /* Config.xcconfig */;
			buildSettings = {
				ALWAYS_SEARCH_USER_PATHS = NO;
				ASSETCATALOG_COMPILER_GENERATE_SWIFT_ASSET_SYMBOL_EXTENSIONS = YES;
				CLANG_ANALYZER_NONNULL = YES;
				CLANG_ANALYZER_NUMBER_OBJECT_CONVERSION = YES_AGGRESSIVE;
				CLANG_CXX_LANGUAGE_STANDARD = "gnu++20";
				CLANG_ENABLE_MODULES = YES;
				CLANG_ENABLE_OBJC_ARC = YES;
				CLANG_ENABLE_OBJC_WEAK = YES;
				CLANG_WARN_BLOCK_CAPTURE_AUTORELEASING = YES;
				CLANG_WARN_BOOL_CONVERSION = YES;
				CLANG_WARN_COMMA = YES;
				CLANG_WARN_CONSTANT_CONVERSION = YES;
				CLANG_WARN_DEPRECATED_OBJC_IMPLEMENTATIONS = YES;
				CLANG_WARN_DIRECT_OBJC_ISA_USAGE = YES_ERROR;
				CLANG_WARN_DOCUMENTATION_COMMENTS = YES;
				CLANG_WARN_EMPTY_BODY = YES;
				CLANG_WARN_ENUM_CONVERSION = YES;
				CLANG_WARN_INFINITE_RECURSION = YES;
				CLANG_WARN_INT_CONVERSION = YES;
				CLANG_WARN_NON_LITERAL_NULL_CONVERSION = YES;
				CLANG_WARN_OBJC_IMPLICIT_RETAIN_SELF = YES;
				CLANG_WARN_OBJC_LITERAL_CONVERSION = YES;
				CLANG_WARN_OBJC_ROOT_CLASS = YES_ERROR;
				CLANG_WARN_QUOTED_INCLUDE_IN_FRAMEWORK_HEADER = YES;
				CLANG_WARN_RANGE_LOOP_ANALYSIS = YES;
				CLANG_WARN_STRICT_PROTOTYPES = YES;
				CLANG_WARN_SUSPICIOUS_MOVE = YES;
				CLANG_WARN_UNGUARDED_AVAILABILITY = YES_AGGRESSIVE;
				CLANG_WARN_UNREACHABLE_CODE = YES;
				CLANG_WARN__DUPLICATE_METHOD_MATCH = YES;
				COPY_PHASE_STRIP = NO;
				DEBUG_INFORMATION_FORMAT = dwarf;
				ENABLE_STRICT_OBJC_MSGSEND = YES;
				ENABLE_TESTABILITY = YES;
				ENABLE_USER_SCRIPT_SANDBOXING = YES;
				GCC_C_LANGUAGE_STANDARD = gnu17;
				GCC_DYNAMIC_NO_PIC = NO;
				GCC_NO_COMMON_BLOCKS = YES;
				GCC_OPTIMIZATION_LEVEL = 0;
				GCC_PREPROCESSOR_DEFINITIONS = (
					"DEBUG=1",
					"$(inherited)",
				);
				GCC_WARN_64_TO_32_BIT_CONVERSION = YES;
				GCC_WARN_ABOUT_RETURN_TYPE = YES_ERROR;
				GCC_WARN_UNDECLARED_SELECTOR = YES;
				GCC_WARN_UNINITIALIZED_AUTOS = YES_AGGRESSIVE;
				GCC_WARN_UNUSED_FUNCTION = YES;
				GCC_WARN_UNUSED_VARIABLE = YES;
				IPHONEOS_DEPLOYMENT_TARGET = 15.0;
				LOCALIZATION_PREFERS_STRING_CATALOGS = YES;
				MTL_ENABLE_DEBUG_INFO = INCLUDE_SOURCE;
				MTL_FAST_MATH = YES;
				ONLY_ACTIVE_ARCH = YES;
				SDKROOT = iphoneos;
				SWIFT_ACTIVE_COMPILATION_CONDITIONS = "DEBUG $(inherited)";
				SWIFT_OPTIMIZATION_LEVEL = "-Onone";
			};
			name = Debug;
		};
		DE0897F42BB4630800DDC1F2 /* Release */ = {
			isa = XCBuildConfiguration;
			baseConfigurationReference = DE8A7E252BB8473000DD823F /* Config.xcconfig */;
			buildSettings = {
				ALWAYS_SEARCH_USER_PATHS = NO;
				ASSETCATALOG_COMPILER_GENERATE_SWIFT_ASSET_SYMBOL_EXTENSIONS = YES;
				CLANG_ANALYZER_NONNULL = YES;
				CLANG_ANALYZER_NUMBER_OBJECT_CONVERSION = YES_AGGRESSIVE;
				CLANG_CXX_LANGUAGE_STANDARD = "gnu++20";
				CLANG_ENABLE_MODULES = YES;
				CLANG_ENABLE_OBJC_ARC = YES;
				CLANG_ENABLE_OBJC_WEAK = YES;
				CLANG_WARN_BLOCK_CAPTURE_AUTORELEASING = YES;
				CLANG_WARN_BOOL_CONVERSION = YES;
				CLANG_WARN_COMMA = YES;
				CLANG_WARN_CONSTANT_CONVERSION = YES;
				CLANG_WARN_DEPRECATED_OBJC_IMPLEMENTATIONS = YES;
				CLANG_WARN_DIRECT_OBJC_ISA_USAGE = YES_ERROR;
				CLANG_WARN_DOCUMENTATION_COMMENTS = YES;
				CLANG_WARN_EMPTY_BODY = YES;
				CLANG_WARN_ENUM_CONVERSION = YES;
				CLANG_WARN_INFINITE_RECURSION = YES;
				CLANG_WARN_INT_CONVERSION = YES;
				CLANG_WARN_NON_LITERAL_NULL_CONVERSION = YES;
				CLANG_WARN_OBJC_IMPLICIT_RETAIN_SELF = YES;
				CLANG_WARN_OBJC_LITERAL_CONVERSION = YES;
				CLANG_WARN_OBJC_ROOT_CLASS = YES_ERROR;
				CLANG_WARN_QUOTED_INCLUDE_IN_FRAMEWORK_HEADER = YES;
				CLANG_WARN_RANGE_LOOP_ANALYSIS = YES;
				CLANG_WARN_STRICT_PROTOTYPES = YES;
				CLANG_WARN_SUSPICIOUS_MOVE = YES;
				CLANG_WARN_UNGUARDED_AVAILABILITY = YES_AGGRESSIVE;
				CLANG_WARN_UNREACHABLE_CODE = YES;
				CLANG_WARN__DUPLICATE_METHOD_MATCH = YES;
				COPY_PHASE_STRIP = NO;
				DEBUG_INFORMATION_FORMAT = "dwarf-with-dsym";
				ENABLE_NS_ASSERTIONS = NO;
				ENABLE_STRICT_OBJC_MSGSEND = YES;
				ENABLE_USER_SCRIPT_SANDBOXING = YES;
				GCC_C_LANGUAGE_STANDARD = gnu17;
				GCC_NO_COMMON_BLOCKS = YES;
				GCC_WARN_64_TO_32_BIT_CONVERSION = YES;
				GCC_WARN_ABOUT_RETURN_TYPE = YES_ERROR;
				GCC_WARN_UNDECLARED_SELECTOR = YES;
				GCC_WARN_UNINITIALIZED_AUTOS = YES_AGGRESSIVE;
				GCC_WARN_UNUSED_FUNCTION = YES;
				GCC_WARN_UNUSED_VARIABLE = YES;
				IPHONEOS_DEPLOYMENT_TARGET = 15.0;
				LOCALIZATION_PREFERS_STRING_CATALOGS = YES;
				MTL_ENABLE_DEBUG_INFO = NO;
				MTL_FAST_MATH = YES;
				SDKROOT = iphoneos;
				SWIFT_COMPILATION_MODE = wholemodule;
				VALIDATE_PRODUCT = YES;
			};
			name = Release;
		};
		DE0897F62BB4630800DDC1F2 /* Debug */ = {
			isa = XCBuildConfiguration;
			buildSettings = {
				ALWAYS_EMBED_SWIFT_STANDARD_LIBRARIES = YES;
				ASSETCATALOG_COMPILER_APPICON_NAME = AppIcon;
				ASSETCATALOG_COMPILER_GLOBAL_ACCENT_COLOR_NAME = AccentColor;
				CODE_SIGN_STYLE = Automatic;
				CURRENT_PROJECT_VERSION = 1;
				DEVELOPMENT_ASSET_PATHS = "\"MovieNight/Preview Content\"";
				DEVELOPMENT_TEAM = FHTKKF56J6;
				ENABLE_PREVIEWS = YES;
				GENERATE_INFOPLIST_FILE = YES;
				INFOPLIST_FILE = MovieNight/Info.plist;
				INFOPLIST_KEY_UIApplicationSupportsIndirectInputEvents = YES;
				INFOPLIST_KEY_UILaunchStoryboardName = "Launch Screen.storyboard";
				INFOPLIST_KEY_UISupportedInterfaceOrientations_iPad = "UIInterfaceOrientationPortrait UIInterfaceOrientationPortraitUpsideDown UIInterfaceOrientationLandscapeLeft UIInterfaceOrientationLandscapeRight";
				INFOPLIST_KEY_UISupportedInterfaceOrientations_iPhone = "UIInterfaceOrientationPortrait UIInterfaceOrientationLandscapeLeft UIInterfaceOrientationLandscapeRight";
				IPHONEOS_DEPLOYMENT_TARGET = 15.0;
				LD_RUNPATH_SEARCH_PATHS = (
					"$(inherited)",
					"@executable_path/Frameworks",
				);
				MARKETING_VERSION = 1.0;
				PRODUCT_BUNDLE_IDENTIFIER = mostafa.co.MovieNight;
				PRODUCT_NAME = "$(TARGET_NAME)";
				SUPPORTED_PLATFORMS = "iphoneos iphonesimulator";
				SUPPORTS_MACCATALYST = NO;
				SUPPORTS_MAC_DESIGNED_FOR_IPHONE_IPAD = NO;
				SWIFT_EMIT_LOC_STRINGS = YES;
				SWIFT_VERSION = 5.0;
				TARGETED_DEVICE_FAMILY = "1,2";
			};
			name = Debug;
		};
		DE0897F72BB4630800DDC1F2 /* Release */ = {
			isa = XCBuildConfiguration;
			buildSettings = {
				ALWAYS_EMBED_SWIFT_STANDARD_LIBRARIES = YES;
				ASSETCATALOG_COMPILER_APPICON_NAME = AppIcon;
				ASSETCATALOG_COMPILER_GLOBAL_ACCENT_COLOR_NAME = AccentColor;
				CODE_SIGN_STYLE = Automatic;
				CURRENT_PROJECT_VERSION = 1;
				DEVELOPMENT_ASSET_PATHS = "\"MovieNight/Preview Content\"";
				DEVELOPMENT_TEAM = FHTKKF56J6;
				ENABLE_PREVIEWS = YES;
				GENERATE_INFOPLIST_FILE = YES;
				INFOPLIST_FILE = MovieNight/Info.plist;
				INFOPLIST_KEY_UIApplicationSupportsIndirectInputEvents = YES;
				INFOPLIST_KEY_UILaunchStoryboardName = "Launch Screen.storyboard";
				INFOPLIST_KEY_UISupportedInterfaceOrientations_iPad = "UIInterfaceOrientationPortrait UIInterfaceOrientationPortraitUpsideDown UIInterfaceOrientationLandscapeLeft UIInterfaceOrientationLandscapeRight";
				INFOPLIST_KEY_UISupportedInterfaceOrientations_iPhone = "UIInterfaceOrientationPortrait UIInterfaceOrientationLandscapeLeft UIInterfaceOrientationLandscapeRight";
				IPHONEOS_DEPLOYMENT_TARGET = 15.0;
				LD_RUNPATH_SEARCH_PATHS = (
					"$(inherited)",
					"@executable_path/Frameworks",
				);
				MARKETING_VERSION = 1.0;
				PRODUCT_BUNDLE_IDENTIFIER = mostafa.co.MovieNight;
				PRODUCT_NAME = "$(TARGET_NAME)";
				SUPPORTED_PLATFORMS = "iphoneos iphonesimulator";
				SUPPORTS_MACCATALYST = NO;
				SUPPORTS_MAC_DESIGNED_FOR_IPHONE_IPAD = NO;
				SWIFT_EMIT_LOC_STRINGS = YES;
				SWIFT_VERSION = 5.0;
				TARGETED_DEVICE_FAMILY = "1,2";
			};
			name = Release;
		};
		DE0897F92BB4630800DDC1F2 /* Debug */ = {
			isa = XCBuildConfiguration;
			buildSettings = {
				ALWAYS_EMBED_SWIFT_STANDARD_LIBRARIES = YES;
				BUNDLE_LOADER = "$(TEST_HOST)";
				CODE_SIGN_STYLE = Automatic;
				CURRENT_PROJECT_VERSION = 1;
				DEVELOPMENT_TEAM = FHTKKF56J6;
				GENERATE_INFOPLIST_FILE = YES;
				IPHONEOS_DEPLOYMENT_TARGET = 17.0;
				MARKETING_VERSION = 1.0;
				PRODUCT_BUNDLE_IDENTIFIER = mostafa.co.MovieNightTests;
				PRODUCT_NAME = "$(TARGET_NAME)";
				SWIFT_EMIT_LOC_STRINGS = NO;
				SWIFT_VERSION = 5.0;
				TARGETED_DEVICE_FAMILY = "1,2";
				TEST_HOST = "$(BUILT_PRODUCTS_DIR)/MovieNight.app/$(BUNDLE_EXECUTABLE_FOLDER_PATH)/MovieNight";
			};
			name = Debug;
		};
		DE0897FA2BB4630800DDC1F2 /* Release */ = {
			isa = XCBuildConfiguration;
			buildSettings = {
				ALWAYS_EMBED_SWIFT_STANDARD_LIBRARIES = YES;
				BUNDLE_LOADER = "$(TEST_HOST)";
				CODE_SIGN_STYLE = Automatic;
				CURRENT_PROJECT_VERSION = 1;
				DEVELOPMENT_TEAM = FHTKKF56J6;
				GENERATE_INFOPLIST_FILE = YES;
				IPHONEOS_DEPLOYMENT_TARGET = 17.0;
				MARKETING_VERSION = 1.0;
				PRODUCT_BUNDLE_IDENTIFIER = mostafa.co.MovieNightTests;
				PRODUCT_NAME = "$(TARGET_NAME)";
				SWIFT_EMIT_LOC_STRINGS = NO;
				SWIFT_VERSION = 5.0;
				TARGETED_DEVICE_FAMILY = "1,2";
				TEST_HOST = "$(BUILT_PRODUCTS_DIR)/MovieNight.app/$(BUNDLE_EXECUTABLE_FOLDER_PATH)/MovieNight";
			};
			name = Release;
		};
		DE8A7DEA2BB7075700DD823F /* Debug */ = {
			isa = XCBuildConfiguration;
			buildSettings = {
				ALLOW_TARGET_PLATFORM_SPECIALIZATION = YES;
				CLANG_ENABLE_MODULES = YES;
				CODE_SIGN_STYLE = Automatic;
				CURRENT_PROJECT_VERSION = 1;
				DEFINES_MODULE = YES;
				DEVELOPMENT_TEAM = FHTKKF56J6;
				DYLIB_COMPATIBILITY_VERSION = 1;
				DYLIB_CURRENT_VERSION = 1;
				DYLIB_INSTALL_NAME_BASE = "@rpath";
				ENABLE_MODULE_VERIFIER = YES;
				GENERATE_INFOPLIST_FILE = YES;
				INFOPLIST_FILE = CoreKit/Info.plist;
				INFOPLIST_KEY_NSHumanReadableCopyright = "";
				INSTALL_PATH = "$(LOCAL_LIBRARY_DIR)/Frameworks";
				IPHONEOS_DEPLOYMENT_TARGET = 15.0;
				LD_RUNPATH_SEARCH_PATHS = (
					"$(inherited)",
					"@executable_path/Frameworks",
					"@loader_path/Frameworks",
				);
				MARKETING_VERSION = 1.0;
				MODULE_VERIFIER_SUPPORTED_LANGUAGES = "objective-c objective-c++";
				MODULE_VERIFIER_SUPPORTED_LANGUAGE_STANDARDS = "gnu17 gnu++20";
				PRODUCT_BUNDLE_IDENTIFIER = mostafa.co.CoreKit;
				PRODUCT_NAME = "$(TARGET_NAME:c99extidentifier)";
				SKIP_INSTALL = YES;
				SUPPORTED_PLATFORMS = "iphonesimulator iphoneos";
				SUPPORTS_MACCATALYST = YES;
				SWIFT_EMIT_LOC_STRINGS = YES;
				SWIFT_OPTIMIZATION_LEVEL = "-Onone";
				SWIFT_VERSION = 5.0;
				TARGETED_DEVICE_FAMILY = "1,2";
				VERSIONING_SYSTEM = "apple-generic";
				VERSION_INFO_PREFIX = "";
			};
			name = Debug;
		};
		DE8A7DEB2BB7075700DD823F /* Release */ = {
			isa = XCBuildConfiguration;
			buildSettings = {
				ALLOW_TARGET_PLATFORM_SPECIALIZATION = YES;
				CLANG_ENABLE_MODULES = YES;
				CODE_SIGN_STYLE = Automatic;
				CURRENT_PROJECT_VERSION = 1;
				DEFINES_MODULE = YES;
				DEVELOPMENT_TEAM = FHTKKF56J6;
				DYLIB_COMPATIBILITY_VERSION = 1;
				DYLIB_CURRENT_VERSION = 1;
				DYLIB_INSTALL_NAME_BASE = "@rpath";
				ENABLE_MODULE_VERIFIER = YES;
				GENERATE_INFOPLIST_FILE = YES;
				INFOPLIST_FILE = CoreKit/Info.plist;
				INFOPLIST_KEY_NSHumanReadableCopyright = "";
				INSTALL_PATH = "$(LOCAL_LIBRARY_DIR)/Frameworks";
				IPHONEOS_DEPLOYMENT_TARGET = 15.0;
				LD_RUNPATH_SEARCH_PATHS = (
					"$(inherited)",
					"@executable_path/Frameworks",
					"@loader_path/Frameworks",
				);
				MARKETING_VERSION = 1.0;
				MODULE_VERIFIER_SUPPORTED_LANGUAGES = "objective-c objective-c++";
				MODULE_VERIFIER_SUPPORTED_LANGUAGE_STANDARDS = "gnu17 gnu++20";
				PRODUCT_BUNDLE_IDENTIFIER = mostafa.co.CoreKit;
				PRODUCT_NAME = "$(TARGET_NAME:c99extidentifier)";
				SKIP_INSTALL = YES;
				SUPPORTED_PLATFORMS = "iphonesimulator iphoneos";
				SUPPORTS_MACCATALYST = YES;
				SWIFT_EMIT_LOC_STRINGS = YES;
				SWIFT_VERSION = 5.0;
				TARGETED_DEVICE_FAMILY = "1,2";
				VERSIONING_SYSTEM = "apple-generic";
				VERSION_INFO_PREFIX = "";
			};
			name = Release;
		};
		DE8A7DEC2BB7075700DD823F /* Debug */ = {
			isa = XCBuildConfiguration;
			buildSettings = {
				ALWAYS_EMBED_SWIFT_STANDARD_LIBRARIES = YES;
				CODE_SIGN_STYLE = Automatic;
				CURRENT_PROJECT_VERSION = 1;
				DEVELOPMENT_TEAM = FHTKKF56J6;
				GENERATE_INFOPLIST_FILE = YES;
				IPHONEOS_DEPLOYMENT_TARGET = 17.0;
				MARKETING_VERSION = 1.0;
				PRODUCT_BUNDLE_IDENTIFIER = mostafa.co.CoreKitTests;
				PRODUCT_NAME = "$(TARGET_NAME)";
				SWIFT_EMIT_LOC_STRINGS = NO;
				SWIFT_VERSION = 5.0;
				TARGETED_DEVICE_FAMILY = "1,2";
				TEST_HOST = "$(BUILT_PRODUCTS_DIR)/MovieNight.app/$(BUNDLE_EXECUTABLE_FOLDER_PATH)/MovieNight";
			};
			name = Debug;
		};
		DE8A7DED2BB7075700DD823F /* Release */ = {
			isa = XCBuildConfiguration;
			buildSettings = {
				ALWAYS_EMBED_SWIFT_STANDARD_LIBRARIES = YES;
				CODE_SIGN_STYLE = Automatic;
				CURRENT_PROJECT_VERSION = 1;
				DEVELOPMENT_TEAM = FHTKKF56J6;
				GENERATE_INFOPLIST_FILE = YES;
				IPHONEOS_DEPLOYMENT_TARGET = 17.0;
				MARKETING_VERSION = 1.0;
				PRODUCT_BUNDLE_IDENTIFIER = mostafa.co.CoreKitTests;
				PRODUCT_NAME = "$(TARGET_NAME)";
				SWIFT_EMIT_LOC_STRINGS = NO;
				SWIFT_VERSION = 5.0;
				TARGETED_DEVICE_FAMILY = "1,2";
				TEST_HOST = "$(BUILT_PRODUCTS_DIR)/MovieNight.app/$(BUNDLE_EXECUTABLE_FOLDER_PATH)/MovieNight";
			};
			name = Release;
		};
/* End XCBuildConfiguration section */

/* Begin XCConfigurationList section */
		DE0897CC2BB4630600DDC1F2 /* Build configuration list for PBXProject "MovieNight" */ = {
			isa = XCConfigurationList;
			buildConfigurations = (
				DE0897F32BB4630800DDC1F2 /* Debug */,
				DE0897F42BB4630800DDC1F2 /* Release */,
			);
			defaultConfigurationIsVisible = 0;
			defaultConfigurationName = Release;
		};
		DE0897F52BB4630800DDC1F2 /* Build configuration list for PBXNativeTarget "MovieNight" */ = {
			isa = XCConfigurationList;
			buildConfigurations = (
				DE0897F62BB4630800DDC1F2 /* Debug */,
				DE0897F72BB4630800DDC1F2 /* Release */,
			);
			defaultConfigurationIsVisible = 0;
			defaultConfigurationName = Release;
		};
		DE0897F82BB4630800DDC1F2 /* Build configuration list for PBXNativeTarget "MovieNightTests" */ = {
			isa = XCConfigurationList;
			buildConfigurations = (
				DE0897F92BB4630800DDC1F2 /* Debug */,
				DE0897FA2BB4630800DDC1F2 /* Release */,
			);
			defaultConfigurationIsVisible = 0;
			defaultConfigurationName = Release;
		};
		DE8A7DEE2BB7075700DD823F /* Build configuration list for PBXNativeTarget "CoreKit" */ = {
			isa = XCConfigurationList;
			buildConfigurations = (
				DE8A7DEA2BB7075700DD823F /* Debug */,
				DE8A7DEB2BB7075700DD823F /* Release */,
			);
			defaultConfigurationIsVisible = 0;
			defaultConfigurationName = Release;
		};
		DE8A7DEF2BB7075700DD823F /* Build configuration list for PBXNativeTarget "CoreKitTests" */ = {
			isa = XCConfigurationList;
			buildConfigurations = (
				DE8A7DEC2BB7075700DD823F /* Debug */,
				DE8A7DED2BB7075700DD823F /* Release */,
			);
			defaultConfigurationIsVisible = 0;
			defaultConfigurationName = Release;
		};
/* End XCConfigurationList section */
	};
	rootObject = DE0897C92BB4630600DDC1F2 /* Project object */;
}
